
Microsoft Visual Studio Solution File, Format Version 12.00
# Visual Studio Version 16
VisualStudioVersion = 16.0.32126.315
MinimumVisualStudioVersion = 10.0.40219.1
Project("{FAE04EC0-301F-11D3-BF4B-00C04F79EFBC}") = "lab asg1", "lab asg1\lab asg1.csproj", "{5263F1D1-BA83-4714-9540-7C52E0CBEAE5}"
EndProject
Global
	GlobalSection(SolutionConfigurationPlatforms) = preSolution
		Debug|Any CPU = Debug|Any CPU
		Release|Any CPU = Release|Any CPU
	EndGlobalSection
	GlobalSection(ProjectConfigurationPlatforms) = postSolution
		{5263F1D1-BA83-4714-9540-7C52E0CBEAE5}.Debug|Any CPU.ActiveCfg = Debug|Any CPU
		{5263F1D1-BA83-4714-9540-7C52E0CBEAE5}.Debug|Any CPU.Build.0 = Debug|Any CPU
		{5263F1D1-BA83-4714-9540-7C52E0CBEAE5}.Release|Any CPU.ActiveCfg = Release|Any CPU
		{5263F1D1-BA83-4714-9540-7C52E0CBEAE5}.Release|Any CPU.Build.0 = Release|Any CPU
	EndGlobalSection
	GlobalSection(SolutionProperties) = preSolution
		HideSolutionNode = FALSE
	EndGlobalSection
	GlobalSection(ExtensibilityGlobals) = postSolution
		SolutionGuid = {278B180B-46B7-4F54-8C15-229C2F8F5B30}
	EndGlobalSection
EndGlobal
